
Microsoft Visual Studio Solution File, Format Version 12.00
# Visual Studio 15
VisualStudioVersion = 15.0.27703.2035
MinimumVisualStudioVersion = 10.0.40219.1
Project("{FAE04EC0-301F-11D3-BF4B-00C04F79EFBC}") = "WelcomeDotNetCore", "WelcomeDotNetCore\WelcomeDotNetCore.csproj", "{A032E581-8BB8-43B1-8F16-597667200F0C}"
EndProject
Global
	GlobalSection(SolutionConfigurationPlatforms) = preSolution
		Debug|Any CPU = Debug|Any CPU
		Release|Any CPU = Release|Any CPU
	EndGlobalSection
	GlobalSection(ProjectConfigurationPlatforms) = postSolution
		{A032E581-8BB8-43B1-8F16-597667200F0C}.Debug|Any CPU.ActiveCfg = Debug|Any CPU
		{A032E581-8BB8-43B1-8F16-597667200F0C}.Debug|Any CPU.Build.0 = Debug|Any CPU
		{A032E581-8BB8-43B1-8F16-597667200F0C}.Release|Any CPU.ActiveCfg = Release|Any CPU
		{A032E581-8BB8-43B1-8F16-597667200F0C}.Release|Any CPU.Build.0 = Release|Any CPU
	EndGlobalSection
	GlobalSection(SolutionProperties) = preSolution
		HideSolutionNode = FALSE
	EndGlobalSection
	GlobalSection(ExtensibilityGlobals) = postSolution
		SolutionGuid = {EDE18029-16D5-4E37-93A2-F0567896B27A}
	EndGlobalSection
EndGlobal
